
Microsoft Visual Studio Solution File, Format Version 12.00
# Visual Studio 2013
VisualStudioVersion = 12.0.30723.0
MinimumVisualStudioVersion = 10.0.40219.1
Project("{FAE04EC0-301F-11D3-BF4B-00C04F79EFBC}") = "JsonToXml", "JsonToXml\JsonToXml.csproj", "{10297405-C9CC-449C-85A4-94FADD276D8E}"
EndProject
Project("{FAE04EC0-301F-11D3-BF4B-00C04F79EFBC}") = "JsonToXml.Tests", "JsonToXml.Tests\JsonToXml.Tests.csproj", "{E9CD9A64-A34E-4D0D-8C67-A4E48B3144F9}"
EndProject
Project("{2150E333-8FDC-42A3-9474-1A3956D46DE8}") = ".nuget", ".nuget", "{B81D5FFA-D7B1-4016-ACF9-C694FEAAA3FC}"
	ProjectSection(SolutionItems) = preProject
		.nuget\NuGet.Config = .nuget\NuGet.Config
		.nuget\NuGet.exe = .nuget\NuGet.exe
		.nuget\NuGet.targets = .nuget\NuGet.targets
	EndProjectSection
EndProject
Global
	GlobalSection(SolutionConfigurationPlatforms) = preSolution
		Debug|Any CPU = Debug|Any CPU
		Release|Any CPU = Release|Any CPU
	EndGlobalSection
	GlobalSection(ProjectConfigurationPlatforms) = postSolution
		{10297405-C9CC-449C-85A4-94FADD276D8E}.Debug|Any CPU.ActiveCfg = Debug|Any CPU
		{10297405-C9CC-449C-85A4-94FADD276D8E}.Debug|Any CPU.Build.0 = Debug|Any CPU
		{10297405-C9CC-449C-85A4-94FADD276D8E}.Release|Any CPU.ActiveCfg = Release|Any CPU
		{10297405-C9CC-449C-85A4-94FADD276D8E}.Release|Any CPU.Build.0 = Release|Any CPU
		{E9CD9A64-A34E-4D0D-8C67-A4E48B3144F9}.Debug|Any CPU.ActiveCfg = Debug|Any CPU
		{E9CD9A64-A34E-4D0D-8C67-A4E48B3144F9}.Debug|Any CPU.Build.0 = Debug|Any CPU
		{E9CD9A64-A34E-4D0D-8C67-A4E48B3144F9}.Release|Any CPU.ActiveCfg = Release|Any CPU
		{E9CD9A64-A34E-4D0D-8C67-A4E48B3144F9}.Release|Any CPU.Build.0 = Release|Any CPU
	EndGlobalSection
	GlobalSection(SolutionProperties) = preSolution
		HideSolutionNode = FALSE
	EndGlobalSection
EndGlobal
